
Microsoft Visual Studio Solution File, Format Version 12.00
# Visual Studio Version 17
VisualStudioVersion = 17.10.35013.160
MinimumVisualStudioVersion = 10.0.40219.1
Project("{FAE04EC0-301F-11D3-BF4B-00C04F79EFBC}") = "WinFormsSQL", "WinFormsSQL.csproj", "{FC2F4C50-F7DE-4508-A21F-2AA111240E95}"
EndProject
Global
	GlobalSection(SolutionConfigurationPlatforms) = preSolution
		Debug|Any CPU = Debug|Any CPU
		Release|Any CPU = Release|Any CPU
	EndGlobalSection
	GlobalSection(ProjectConfigurationPlatforms) = postSolution
		{FC2F4C50-F7DE-4508-A21F-2AA111240E95}.Debug|Any CPU.ActiveCfg = Debug|Any CPU
		{FC2F4C50-F7DE-4508-A21F-2AA111240E95}.Debug|Any CPU.Build.0 = Debug|Any CPU
		{FC2F4C50-F7DE-4508-A21F-2AA111240E95}.Release|Any CPU.ActiveCfg = Release|Any CPU
		{FC2F4C50-F7DE-4508-A21F-2AA111240E95}.Release|Any CPU.Build.0 = Release|Any CPU
	EndGlobalSection
	GlobalSection(SolutionProperties) = preSolution
		HideSolutionNode = FALSE
	EndGlobalSection
	GlobalSection(ExtensibilityGlobals) = postSolution
		SolutionGuid = {04789524-F561-41B2-9F30-9B7C994756A1}
	EndGlobalSection
EndGlobal
